{
  "name": "ton3",
  "version": "0.0.6",
  "lockfileVersion": 2,
  "requires": true,
  "packages": {
    "": {
      "name": "ton3",
      "version": "0.0.6",
      "license": "MIT",
      "dependencies": {
        "ton3-core": "0.0.8",
        "ton3-providers": "0.0.6"
      },
      "devDependencies": {
        "@types/node": "^17.0.23",
        "typescript": "^4.6.3"
      }
    },
    "node_modules/@apidevtools/json-schema-ref-parser": {
      "version": "9.0.9",
      "resolved": "https://registry.npmjs.org/@apidevtools/json-schema-ref-parser/-/json-schema-ref-parser-9.0.9.tgz",
      "integrity": "sha512-GBD2Le9w2+lVFoc4vswGI/TjkNIZSVp7+9xPf+X3uidBfWnAeUWmquteSyt0+VCrhNMWj/FTABISQrD3Z/YA+w==",
      "dependencies": {
        "@jsdevtools/ono": "^7.1.3",
        "@types/json-schema": "^7.0.6",
        "call-me-maybe": "^1.0.1",
        "js-yaml": "^4.1.0"
      }
    },
    "node_modules/@jsdevtools/ono": {
      "version": "7.1.3",
      "resolved": "https://registry.npmjs.org/@jsdevtools/ono/-/ono-7.1.3.tgz",
      "integrity": "sha512-4JQNk+3mVzK3xh2rqd6RB4J46qUR19azEHBneZyTZM+c456qOrbbM/5xcR8huNCCcbVt7+UmizG6GuUvPvKUYg=="
    },
    "node_modules/@types/json-schema": {
      "version": "7.0.11",
      "resolved": "https://registry.npmjs.org/@types/json-schema/-/json-schema-7.0.11.tgz",
      "integrity": "sha512-wOuvG1SN4Us4rez+tylwwwCV1psiNVOkJeM3AUWUNWg/jDQY2+HE/444y5gc+jBmRqASOm2Oeh5c1axHobwRKQ=="
    },
    "node_modules/@types/node": {
      "version": "17.0.25",
      "resolved": "https://registry.npmjs.org/@types/node/-/node-17.0.25.tgz",
      "integrity": "sha512-wANk6fBrUwdpY4isjWrKTufkrXdu1D2YHCot2fD/DfWxF5sMrVSA+KN7ydckvaTCh0HiqX9IVl0L5/ZoXg5M7w==",
      "dev": true
    },
    "node_modules/argparse": {
      "version": "2.0.1",
      "resolved": "https://registry.npmjs.org/argparse/-/argparse-2.0.1.tgz",
      "integrity": "sha512-8+9WqebbFzpX9OR+Wa6O29asIogeRMzcGtAINdpMHHyAg10f05aSFVBbcEqGf/PXw1EjAZ+q2/bEBg3DvurK3Q=="
    },
    "node_modules/axios": {
      "version": "0.25.0",
      "resolved": "https://registry.npmjs.org/axios/-/axios-0.25.0.tgz",
      "integrity": "sha512-cD8FOb0tRH3uuEe6+evtAbgJtfxr7ly3fQjYcMcuPlgkwVS9xboaVIpcDV+cYQe+yGykgwZCs1pzjntcGa6l5g==",
      "dependencies": {
        "follow-redirects": "^1.14.7"
      }
    },
    "node_modules/bath-es5": {
      "version": "3.0.3",
      "resolved": "https://registry.npmjs.org/bath-es5/-/bath-es5-3.0.3.tgz",
      "integrity": "sha512-PdCioDToH3t84lP40kUFCKWCOCH389Dl1kbC8FGoqOwamxsmqxxnJSXdkTOsPoNHXjem4+sJ+bbNoQm5zeCqxg=="
    },
    "node_modules/call-me-maybe": {
      "version": "1.0.1",
      "resolved": "https://registry.npmjs.org/call-me-maybe/-/call-me-maybe-1.0.1.tgz",
      "integrity": "sha1-JtII6onje1y95gJQoV8DHBak1ms="
    },
    "node_modules/copy-anything": {
      "version": "3.0.2",
      "resolved": "https://registry.npmjs.org/copy-anything/-/copy-anything-3.0.2.tgz",
      "integrity": "sha512-CzATjGXzUQ0EvuvgOCI6A4BGOo2bcVx8B+eC2nF862iv9fopnPQwlrbACakNCHRIJbCSBj+J/9JeDf60k64MkA==",
      "dependencies": {
        "is-what": "^4.1.6"
      },
      "engines": {
        "node": ">=12.13"
      },
      "funding": {
        "url": "https://github.com/sponsors/mesqueeb"
      }
    },
    "node_modules/crypto-js": {
      "version": "4.1.1",
      "resolved": "https://registry.npmjs.org/crypto-js/-/crypto-js-4.1.1.tgz",
      "integrity": "sha512-o2JlM7ydqd3Qk9CA0L4NL6mTzU2sdx96a+oOfPu8Mkl/PK51vSyoi8/rQ8NknZtk44vq15lmhAj9CIAGwgeWKw=="
    },
    "node_modules/decimal.js": {
      "version": "10.3.1",
      "resolved": "https://registry.npmjs.org/decimal.js/-/decimal.js-10.3.1.tgz",
      "integrity": "sha512-V0pfhfr8suzyPGOx3nmq4aHqabehUZn6Ch9kyFpV79TGDTWFmHqUqXdabR7QHqxzrYolF4+tVmJhUG4OURg5dQ=="
    },
    "node_modules/follow-redirects": {
      "version": "1.14.9",
      "resolved": "https://registry.npmjs.org/follow-redirects/-/follow-redirects-1.14.9.tgz",
      "integrity": "sha512-MQDfihBQYMcyy5dhRDJUHcw7lb2Pv/TuE6xP1vyraLukNDHKbDxDNaOE3NbCAdKQApno+GPRyo1YAp89yCjK4w==",
      "funding": [
        {
          "type": "individual",
          "url": "https://github.com/sponsors/RubenVerborgh"
        }
      ],
      "engines": {
        "node": ">=4.0"
      },
      "peerDependenciesMeta": {
        "debug": {
          "optional": true
        }
      }
    },
    "node_modules/is-what": {
      "version": "4.1.7",
      "resolved": "https://registry.npmjs.org/is-what/-/is-what-4.1.7.tgz",
      "integrity": "sha512-DBVOQNiPKnGMxRMLIYSwERAS5MVY1B7xYiGnpgctsOFvVDz9f9PFXXxMcTOHuoqYp4NK9qFYQaIC1NRRxLMpBQ==",
      "engines": {
        "node": ">=12.13"
      },
      "funding": {
        "url": "https://github.com/sponsors/mesqueeb"
      }
    },
    "node_modules/js-yaml": {
      "version": "4.1.0",
      "resolved": "https://registry.npmjs.org/js-yaml/-/js-yaml-4.1.0.tgz",
      "integrity": "sha512-wpxZs9NoxZaJESJGIZTyDEaYpl0FKSA+FB9aJiyemKhMwkxQg63h4T1KJgUGHpTqPDNRcmmYLugrRjJlBtWvRA==",
      "dependencies": {
        "argparse": "^2.0.1"
      },
      "bin": {
        "js-yaml": "bin/js-yaml.js"
      }
    },
    "node_modules/openapi-client-axios": {
      "version": "5.1.2",
      "resolved": "https://registry.npmjs.org/openapi-client-axios/-/openapi-client-axios-5.1.2.tgz",
      "integrity": "sha512-asLM6/X34tLvl+cjHFt20r+hfzOr6b/ktignqR+33bm30kCsXP/mmhYRkFjXKN79dGyqplv+qk0HMdGNaVOCig==",
      "dependencies": {
        "@apidevtools/json-schema-ref-parser": "^9.0.7",
        "bath-es5": "^3.0.3",
        "copy-anything": "^3.0.2",
        "openapi-types": "^10.0.0"
      },
      "peerDependencies": {
        "axios": "^0.25.0",
        "js-yaml": "^4.1.0"
      }
    },
    "node_modules/openapi-types": {
      "version": "10.0.0",
      "resolved": "https://registry.npmjs.org/openapi-types/-/openapi-types-10.0.0.tgz",
      "integrity": "sha512-Y8xOCT2eiKGYDzMW9R4x5cmfc3vGaaI4EL2pwhDmodWw1HlK18YcZ4uJxc7Rdp7/gGzAygzH9SXr6GKYIXbRcQ=="
    },
    "node_modules/ton3": {
      "version": "0.0.1",
      "resolved": "https://registry.npmjs.org/ton3/-/ton3-0.0.1.tgz",
      "integrity": "sha512-LHhLUL/qOeDKn5dmkHCGtK5CyZ6n5B8X+uegMrI0a/ZSeqaVfFtZpyVA6nS0ZfUQvuLvU88uQjkzSE9FHLV5/A==",
      "dependencies": {
        "ton3-core": "0.0.6",
        "ton3-providers": "0.0.5"
      }
    },
    "node_modules/ton3-core": {
      "version": "0.0.8",
      "resolved": "https://registry.npmjs.org/ton3-core/-/ton3-core-0.0.8.tgz",
      "integrity": "sha512-TsH/OJe7OmEnNiW4ZKGt4A2B+Fu+rz87XNYB9qOTZueu8IXsrG6azQqovdLDcjpMGzkqNswQbPJDJWvFFf3+uA==",
      "dependencies": {
        "crypto-js": "4.1.1",
        "decimal.js": "10.3.1",
        "tweetnacl": "1.0.3"
      }
    },
    "node_modules/ton3-providers": {
      "version": "0.0.6",
      "resolved": "https://registry.npmjs.org/ton3-providers/-/ton3-providers-0.0.6.tgz",
      "integrity": "sha512-JtK7JGuccmgeF9KaXfYVVdu1xg8b/MmmdJpMu6FyRFPiMHOxh2PMzbZkz0n5pTSPXrj/c8ttOLYsUEk8wM+HWQ==",
      "dependencies": {
        "axios": "^0.25.0",
        "openapi-client-axios": "^5.1.2",
        "ton3": "0.0.1"
      }
    },
    "node_modules/ton3/node_modules/ton3-core": {
      "version": "0.0.6",
      "resolved": "https://registry.npmjs.org/ton3-core/-/ton3-core-0.0.6.tgz",
      "integrity": "sha512-36n6VG5bu5WxMGJm0jNopN7v0fIesqpPkQWPGETTwk7Xl5bIePYj8YCzjBgEp1LGX96yMApmf6krIO9lPOIQNg==",
      "dependencies": {
        "crypto-js": "4.1.1",
        "decimal.js": "10.3.1",
        "tweetnacl": "1.0.3"
      }
    },
    "node_modules/ton3/node_modules/ton3-providers": {
      "version": "0.0.5",
      "resolved": "https://registry.npmjs.org/ton3-providers/-/ton3-providers-0.0.5.tgz",
      "integrity": "sha512-iOzXsI7GW7HGatQ3iFevgUmWXK9+/fHpGWRJAWo7dF/mYsSHMJYObPA7dkQvcA9SngHcO93QKFb4cq/tgbtwQw==",
      "dependencies": {
        "axios": "^0.25.0",
        "openapi-client-axios": "^5.1.2"
      }
    },
    "node_modules/tweetnacl": {
      "version": "1.0.3",
      "resolved": "https://registry.npmjs.org/tweetnacl/-/tweetnacl-1.0.3.tgz",
      "integrity": "sha512-6rt+RN7aOi1nGMyC4Xa5DdYiukl2UWCbcJft7YhxReBGQD7OAM8Pbxw6YMo4r2diNEA8FEmu32YOn9rhaiE5yw=="
    },
    "node_modules/typescript": {
      "version": "4.6.3",
      "resolved": "https://registry.npmjs.org/typescript/-/typescript-4.6.3.tgz",
      "integrity": "sha512-yNIatDa5iaofVozS/uQJEl3JRWLKKGJKh6Yaiv0GLGSuhpFJe7P3SbHZ8/yjAHRQwKRoA6YZqlfjXWmVzoVSMw==",
      "dev": true,
      "bin": {
        "tsc": "bin/tsc",
        "tsserver": "bin/tsserver"
      },
      "engines": {
        "node": ">=4.2.0"
      }
    }
  },
  "dependencies": {
    "@apidevtools/json-schema-ref-parser": {
      "version": "9.0.9",
      "resolved": "https://registry.npmjs.org/@apidevtools/json-schema-ref-parser/-/json-schema-ref-parser-9.0.9.tgz",
      "integrity": "sha512-GBD2Le9w2+lVFoc4vswGI/TjkNIZSVp7+9xPf+X3uidBfWnAeUWmquteSyt0+VCrhNMWj/FTABISQrD3Z/YA+w==",
      "requires": {
        "@jsdevtools/ono": "^7.1.3",
        "@types/json-schema": "^7.0.6",
        "call-me-maybe": "^1.0.1",
        "js-yaml": "^4.1.0"
      }
    },
    "@jsdevtools/ono": {
      "version": "7.1.3",
      "resolved": "https://registry.npmjs.org/@jsdevtools/ono/-/ono-7.1.3.tgz",
      "integrity": "sha512-4JQNk+3mVzK3xh2rqd6RB4J46qUR19azEHBneZyTZM+c456qOrbbM/5xcR8huNCCcbVt7+UmizG6GuUvPvKUYg=="
    },
    "@types/json-schema": {
      "version": "7.0.11",
      "resolved": "https://registry.npmjs.org/@types/json-schema/-/json-schema-7.0.11.tgz",
      "integrity": "sha512-wOuvG1SN4Us4rez+tylwwwCV1psiNVOkJeM3AUWUNWg/jDQY2+HE/444y5gc+jBmRqASOm2Oeh5c1axHobwRKQ=="
    },
    "@types/node": {
      "version": "17.0.25",
      "resolved": "https://registry.npmjs.org/@types/node/-/node-17.0.25.tgz",
      "integrity": "sha512-wANk6fBrUwdpY4isjWrKTufkrXdu1D2YHCot2fD/DfWxF5sMrVSA+KN7ydckvaTCh0HiqX9IVl0L5/ZoXg5M7w==",
      "dev": true
    },
    "argparse": {
      "version": "2.0.1",
      "resolved": "https://registry.npmjs.org/argparse/-/argparse-2.0.1.tgz",
      "integrity": "sha512-8+9WqebbFzpX9OR+Wa6O29asIogeRMzcGtAINdpMHHyAg10f05aSFVBbcEqGf/PXw1EjAZ+q2/bEBg3DvurK3Q=="
    },
    "axios": {
      "version": "0.25.0",
      "resolved": "https://registry.npmjs.org/axios/-/axios-0.25.0.tgz",
      "integrity": "sha512-cD8FOb0tRH3uuEe6+evtAbgJtfxr7ly3fQjYcMcuPlgkwVS9xboaVIpcDV+cYQe+yGykgwZCs1pzjntcGa6l5g==",
      "requires": {
        "follow-redirects": "^1.14.7"
      }
    },
    "bath-es5": {
      "version": "3.0.3",
      "resolved": "https://registry.npmjs.org/bath-es5/-/bath-es5-3.0.3.tgz",
      "integrity": "sha512-PdCioDToH3t84lP40kUFCKWCOCH389Dl1kbC8FGoqOwamxsmqxxnJSXdkTOsPoNHXjem4+sJ+bbNoQm5zeCqxg=="
    },
    "call-me-maybe": {
      "version": "1.0.1",
      "resolved": "https://registry.npmjs.org/call-me-maybe/-/call-me-maybe-1.0.1.tgz",
      "integrity": "sha1-JtII6onje1y95gJQoV8DHBak1ms="
    },
    "copy-anything": {
      "version": "3.0.2",
      "resolved": "https://registry.npmjs.org/copy-anything/-/copy-anything-3.0.2.tgz",
      "integrity": "sha512-CzATjGXzUQ0EvuvgOCI6A4BGOo2bcVx8B+eC2nF862iv9fopnPQwlrbACakNCHRIJbCSBj+J/9JeDf60k64MkA==",
      "requires": {
        "is-what": "^4.1.6"
      }
    },
    "crypto-js": {
      "version": "4.1.1",
      "resolved": "https://registry.npmjs.org/crypto-js/-/crypto-js-4.1.1.tgz",
      "integrity": "sha512-o2JlM7ydqd3Qk9CA0L4NL6mTzU2sdx96a+oOfPu8Mkl/PK51vSyoi8/rQ8NknZtk44vq15lmhAj9CIAGwgeWKw=="
    },
    "decimal.js": {
      "version": "10.3.1",
      "resolved": "https://registry.npmjs.org/decimal.js/-/decimal.js-10.3.1.tgz",
      "integrity": "sha512-V0pfhfr8suzyPGOx3nmq4aHqabehUZn6Ch9kyFpV79TGDTWFmHqUqXdabR7QHqxzrYolF4+tVmJhUG4OURg5dQ=="
    },
    "follow-redirects": {
      "version": "1.14.9",
      "resolved": "https://registry.npmjs.org/follow-redirects/-/follow-redirects-1.14.9.tgz",
      "integrity": "sha512-MQDfihBQYMcyy5dhRDJUHcw7lb2Pv/TuE6xP1vyraLukNDHKbDxDNaOE3NbCAdKQApno+GPRyo1YAp89yCjK4w=="
    },
    "is-what": {
      "version": "4.1.7",
      "resolved": "https://registry.npmjs.org/is-what/-/is-what-4.1.7.tgz",
      "integrity": "sha512-DBVOQNiPKnGMxRMLIYSwERAS5MVY1B7xYiGnpgctsOFvVDz9f9PFXXxMcTOHuoqYp4NK9qFYQaIC1NRRxLMpBQ=="
    },
    "js-yaml": {
      "version": "4.1.0",
      "resolved": "https://registry.npmjs.org/js-yaml/-/js-yaml-4.1.0.tgz",
      "integrity": "sha512-wpxZs9NoxZaJESJGIZTyDEaYpl0FKSA+FB9aJiyemKhMwkxQg63h4T1KJgUGHpTqPDNRcmmYLugrRjJlBtWvRA==",
      "requires": {
        "argparse": "^2.0.1"
      }
    },
    "openapi-client-axios": {
      "version": "5.1.2",
      "resolved": "https://registry.npmjs.org/openapi-client-axios/-/openapi-client-axios-5.1.2.tgz",
      "integrity": "sha512-asLM6/X34tLvl+cjHFt20r+hfzOr6b/ktignqR+33bm30kCsXP/mmhYRkFjXKN79dGyqplv+qk0HMdGNaVOCig==",
      "requires": {
        "@apidevtools/json-schema-ref-parser": "^9.0.7",
        "bath-es5": "^3.0.3",
        "copy-anything": "^3.0.2",
        "openapi-types": "^10.0.0"
      }
    },
    "openapi-types": {
      "version": "10.0.0",
      "resolved": "https://registry.npmjs.org/openapi-types/-/openapi-types-10.0.0.tgz",
      "integrity": "sha512-Y8xOCT2eiKGYDzMW9R4x5cmfc3vGaaI4EL2pwhDmodWw1HlK18YcZ4uJxc7Rdp7/gGzAygzH9SXr6GKYIXbRcQ=="
    },
    "ton3": {
      "version": "0.0.1",
      "resolved": "https://registry.npmjs.org/ton3/-/ton3-0.0.1.tgz",
      "integrity": "sha512-LHhLUL/qOeDKn5dmkHCGtK5CyZ6n5B8X+uegMrI0a/ZSeqaVfFtZpyVA6nS0ZfUQvuLvU88uQjkzSE9FHLV5/A==",
      "requires": {
        "ton3-core": "0.0.6",
        "ton3-providers": "0.0.5"
      },
      "dependencies": {
        "ton3-core": {
          "version": "0.0.6",
          "resolved": "https://registry.npmjs.org/ton3-core/-/ton3-core-0.0.6.tgz",
          "integrity": "sha512-36n6VG5bu5WxMGJm0jNopN7v0fIesqpPkQWPGETTwk7Xl5bIePYj8YCzjBgEp1LGX96yMApmf6krIO9lPOIQNg==",
          "requires": {
            "crypto-js": "4.1.1",
            "decimal.js": "10.3.1",
            "tweetnacl": "1.0.3"
          }
        },
        "ton3-providers": {
          "version": "0.0.5",
          "resolved": "https://registry.npmjs.org/ton3-providers/-/ton3-providers-0.0.5.tgz",
          "integrity": "sha512-iOzXsI7GW7HGatQ3iFevgUmWXK9+/fHpGWRJAWo7dF/mYsSHMJYObPA7dkQvcA9SngHcO93QKFb4cq/tgbtwQw==",
          "requires": {
            "axios": "^0.25.0",
            "openapi-client-axios": "^5.1.2"
          }
        }
      }
    },
    "ton3-core": {
      "version": "0.0.8",
      "resolved": "https://registry.npmjs.org/ton3-core/-/ton3-core-0.0.8.tgz",
      "integrity": "sha512-TsH/OJe7OmEnNiW4ZKGt4A2B+Fu+rz87XNYB9qOTZueu8IXsrG6azQqovdLDcjpMGzkqNswQbPJDJWvFFf3+uA==",
      "requires": {
        "crypto-js": "4.1.1",
        "decimal.js": "10.3.1",
        "tweetnacl": "1.0.3"
      }
    },
    "ton3-providers": {
      "version": "0.0.6",
      "resolved": "https://registry.npmjs.org/ton3-providers/-/ton3-providers-0.0.6.tgz",
      "integrity": "sha512-JtK7JGuccmgeF9KaXfYVVdu1xg8b/MmmdJpMu6FyRFPiMHOxh2PMzbZkz0n5pTSPXrj/c8ttOLYsUEk8wM+HWQ==",
      "requires": {
        "axios": "^0.25.0",
        "openapi-client-axios": "^5.1.2",
        "ton3": "0.0.1"
      }
    },
    "tweetnacl": {
      "version": "1.0.3",
      "resolved": "https://registry.npmjs.org/tweetnacl/-/tweetnacl-1.0.3.tgz",
      "integrity": "sha512-6rt+RN7aOi1nGMyC4Xa5DdYiukl2UWCbcJft7YhxReBGQD7OAM8Pbxw6YMo4r2diNEA8FEmu32YOn9rhaiE5yw=="
    },
    "typescript": {
      "version": "4.6.3",
      "resolved": "https://registry.npmjs.org/typescript/-/typescript-4.6.3.tgz",
      "integrity": "sha512-yNIatDa5iaofVozS/uQJEl3JRWLKKGJKh6Yaiv0GLGSuhpFJe7P3SbHZ8/yjAHRQwKRoA6YZqlfjXWmVzoVSMw==",
      "dev": true
    }
  }
}
